
Microsoft Visual Studio Solution File, Format Version 12.00
# Visual Studio 14
VisualStudioVersion = 14.0.25420.1
MinimumVisualStudioVersion = 10.0.40219.1
Project("{2150E333-8FDC-42A3-9474-1A3956D46DE8}") = "src", "src", "{A8C5DA2B-C136-498D-90F6-4CCB0AF49361}"
EndProject
Project("{2150E333-8FDC-42A3-9474-1A3956D46DE8}") = "Solution Items", "Solution Items", "{963D9BEC-4086-4AFE-9A62-0F02A7B4BE86}"
	ProjectSection(SolutionItems) = preProject
		global.json = global.json
	EndProjectSection
EndProject
Project("{8BB2217D-0F2D-49D1-97BC-3654ED321F3B}") = "ReactDemo", "src\ReactDemo\ReactDemo.xproj", "{3683A99D-FCF3-47FB-ABF9-E2713E9CC798}"
EndProject
Global
	GlobalSection(SolutionConfigurationPlatforms) = preSolution
		Debug|Any CPU = Debug|Any CPU
		Release|Any CPU = Release|Any CPU
	EndGlobalSection
	GlobalSection(ProjectConfigurationPlatforms) = postSolution
		{3683A99D-FCF3-47FB-ABF9-E2713E9CC798}.Debug|Any CPU.ActiveCfg = Debug|Any CPU
		{3683A99D-FCF3-47FB-ABF9-E2713E9CC798}.Debug|Any CPU.Build.0 = Debug|Any CPU
		{3683A99D-FCF3-47FB-ABF9-E2713E9CC798}.Release|Any CPU.ActiveCfg = Release|Any CPU
		{3683A99D-FCF3-47FB-ABF9-E2713E9CC798}.Release|Any CPU.Build.0 = Release|Any CPU
	EndGlobalSection
	GlobalSection(SolutionProperties) = preSolution
		HideSolutionNode = FALSE
	EndGlobalSection
	GlobalSection(NestedProjects) = preSolution
		{3683A99D-FCF3-47FB-ABF9-E2713E9CC798} = {A8C5DA2B-C136-498D-90F6-4CCB0AF49361}
	EndGlobalSection
EndGlobal
